
Microsoft Visual Studio Solution File, Format Version 12.00
# Visual Studio Version 16
VisualStudioVersion = 16.0.30523.141
MinimumVisualStudioVersion = 10.0.40219.1
Project("{FAE04EC0-301F-11D3-BF4B-00C04F79EFBC}") = "ColunaPronta", "ColunaPronta\ColunaPronta.csproj", "{7AEF26AB-F228-489D-A328-83D1A100C364}"
EndProject
Global
	GlobalSection(SolutionConfigurationPlatforms) = preSolution
		Debug|Any CPU = Debug|Any CPU
		Release|Any CPU = Release|Any CPU
	EndGlobalSection
	GlobalSection(ProjectConfigurationPlatforms) = postSolution
		{7AEF26AB-F228-489D-A328-83D1A100C364}.Debug|Any CPU.ActiveCfg = Debug|Any CPU
		{7AEF26AB-F228-489D-A328-83D1A100C364}.Debug|Any CPU.Build.0 = Debug|Any CPU
		{7AEF26AB-F228-489D-A328-83D1A100C364}.Release|Any CPU.ActiveCfg = Release|Any CPU
		{7AEF26AB-F228-489D-A328-83D1A100C364}.Release|Any CPU.Build.0 = Release|Any CPU
	EndGlobalSection
	GlobalSection(SolutionProperties) = preSolution
		HideSolutionNode = FALSE
	EndGlobalSection
	GlobalSection(ExtensibilityGlobals) = postSolution
		SolutionGuid = {BB470452-EF71-4420-856B-96CDDCFC0FBD}
	EndGlobalSection
EndGlobal
